
Microsoft Visual Studio Solution File, Format Version 12.00
# Visual Studio 15
VisualStudioVersion = 15.0.26430.13
MinimumVisualStudioVersion = 10.0.40219.1
Project("{FAE04EC0-301F-11D3-BF4B-00C04F79EFBC}") = "01. Say Hello", "01. Say Hello\01. Say Hello.csproj", "{1D6BDAE5-931E-4B72-BE3E-13668AA74E23}"
EndProject
Project("{FAE04EC0-301F-11D3-BF4B-00C04F79EFBC}") = "GetLargestNumber", "GetLargestNumber\GetLargestNumber.csproj", "{12802F41-75E1-4055-8DBC-10B3CCFA8666}"
EndProject
Project("{FAE04EC0-301F-11D3-BF4B-00C04F79EFBC}") = "EnglishDigit", "EnglishDigit\EnglishDigit.csproj", "{FD921C89-CBB4-49B8-988E-F2F169266828}"
EndProject
Project("{FAE04EC0-301F-11D3-BF4B-00C04F79EFBC}") = "Appearance Count", "Appearance Count\Appearance Count.csproj", "{84B51036-D1B4-44E8-86AB-640ABF83F217}"
EndProject
Global
	GlobalSection(SolutionConfigurationPlatforms) = preSolution
		Debug|Any CPU = Debug|Any CPU
		Release|Any CPU = Release|Any CPU
	EndGlobalSection
	GlobalSection(ProjectConfigurationPlatforms) = postSolution
		{1D6BDAE5-931E-4B72-BE3E-13668AA74E23}.Debug|Any CPU.ActiveCfg = Debug|Any CPU
		{1D6BDAE5-931E-4B72-BE3E-13668AA74E23}.Debug|Any CPU.Build.0 = Debug|Any CPU
		{1D6BDAE5-931E-4B72-BE3E-13668AA74E23}.Release|Any CPU.ActiveCfg = Release|Any CPU
		{1D6BDAE5-931E-4B72-BE3E-13668AA74E23}.Release|Any CPU.Build.0 = Release|Any CPU
		{12802F41-75E1-4055-8DBC-10B3CCFA8666}.Debug|Any CPU.ActiveCfg = Debug|Any CPU
		{12802F41-75E1-4055-8DBC-10B3CCFA8666}.Debug|Any CPU.Build.0 = Debug|Any CPU
		{12802F41-75E1-4055-8DBC-10B3CCFA8666}.Release|Any CPU.ActiveCfg = Release|Any CPU
		{12802F41-75E1-4055-8DBC-10B3CCFA8666}.Release|Any CPU.Build.0 = Release|Any CPU
		{FD921C89-CBB4-49B8-988E-F2F169266828}.Debug|Any CPU.ActiveCfg = Debug|Any CPU
		{FD921C89-CBB4-49B8-988E-F2F169266828}.Debug|Any CPU.Build.0 = Debug|Any CPU
		{FD921C89-CBB4-49B8-988E-F2F169266828}.Release|Any CPU.ActiveCfg = Release|Any CPU
		{FD921C89-CBB4-49B8-988E-F2F169266828}.Release|Any CPU.Build.0 = Release|Any CPU
		{84B51036-D1B4-44E8-86AB-640ABF83F217}.Debug|Any CPU.ActiveCfg = Debug|Any CPU
		{84B51036-D1B4-44E8-86AB-640ABF83F217}.Debug|Any CPU.Build.0 = Debug|Any CPU
		{84B51036-D1B4-44E8-86AB-640ABF83F217}.Release|Any CPU.ActiveCfg = Release|Any CPU
		{84B51036-D1B4-44E8-86AB-640ABF83F217}.Release|Any CPU.Build.0 = Release|Any CPU
	EndGlobalSection
	GlobalSection(SolutionProperties) = preSolution
		HideSolutionNode = FALSE
	EndGlobalSection
EndGlobal
