
Microsoft Visual Studio Solution File, Format Version 12.00
# Visual Studio 15
VisualStudioVersion = 15.0.26430.13
MinimumVisualStudioVersion = 10.0.40219.1
Project("{FAE04EC0-301F-11D3-BF4B-00C04F79EFBC}") = "01. Say Hello", "01. Say Hello\01. Say Hello.csproj", "{1D6BDAE5-931E-4B72-BE3E-13668AA74E23}"
EndProject
Project("{FAE04EC0-301F-11D3-BF4B-00C04F79EFBC}") = "GetLargestNumber", "GetLargestNumber\GetLargestNumber.csproj", "{12802F41-75E1-4055-8DBC-10B3CCFA8666}"
EndProject
Project("{FAE04EC0-301F-11D3-BF4B-00C04F79EFBC}") = "EnglishDigit", "EnglishDigit\EnglishDigit.csproj", "{FD921C89-CBB4-49B8-988E-F2F169266828}"
EndProject
Project("{FAE04EC0-301F-11D3-BF4B-00C04F79EFBC}") = "Appearance Count", "Appearance Count\Appearance Count.csproj", "{84B51036-D1B4-44E8-86AB-640ABF83F217}"
EndProject
Project("{FAE04EC0-301F-11D3-BF4B-00C04F79EFBC}") = "LargerThanNeighbours", "LargerThanNeighbours\LargerThanNeighbours.csproj", "{B6616AB2-47CA-458E-9F74-72EC69CFA90A}"
EndProject
Project("{FAE04EC0-301F-11D3-BF4B-00C04F79EFBC}") = "First larger than neighbours", "First larger than neighbours\First larger than neighbours.csproj", "{1D47A8F0-05E7-45D9-A78A-358F390D8F9E}"
EndProject
Project("{FAE04EC0-301F-11D3-BF4B-00C04F79EFBC}") = "ReverseNumber", "ReverseNumber\ReverseNumber.csproj", "{92DE7B8E-1475-44E6-AEC6-980431370D7A}"
EndProject
Project("{FAE04EC0-301F-11D3-BF4B-00C04F79EFBC}") = "NumberAsArray", "NumberAsArray\NumberAsArray.csproj", "{43C0C6F2-9D79-4505-BFD9-38B3C5EA6502}"
EndProject
Project("{FAE04EC0-301F-11D3-BF4B-00C04F79EFBC}") = "SortingArray", "SortingArray\SortingArray.csproj", "{F7EAC977-222D-4B4E-B651-3A5E93EBC5A3}"
EndProject
Global
	GlobalSection(SolutionConfigurationPlatforms) = preSolution
		Debug|Any CPU = Debug|Any CPU
		Release|Any CPU = Release|Any CPU
	EndGlobalSection
	GlobalSection(ProjectConfigurationPlatforms) = postSolution
		{1D6BDAE5-931E-4B72-BE3E-13668AA74E23}.Debug|Any CPU.ActiveCfg = Debug|Any CPU
		{1D6BDAE5-931E-4B72-BE3E-13668AA74E23}.Debug|Any CPU.Build.0 = Debug|Any CPU
		{1D6BDAE5-931E-4B72-BE3E-13668AA74E23}.Release|Any CPU.ActiveCfg = Release|Any CPU
		{1D6BDAE5-931E-4B72-BE3E-13668AA74E23}.Release|Any CPU.Build.0 = Release|Any CPU
		{12802F41-75E1-4055-8DBC-10B3CCFA8666}.Debug|Any CPU.ActiveCfg = Debug|Any CPU
		{12802F41-75E1-4055-8DBC-10B3CCFA8666}.Debug|Any CPU.Build.0 = Debug|Any CPU
		{12802F41-75E1-4055-8DBC-10B3CCFA8666}.Release|Any CPU.ActiveCfg = Release|Any CPU
		{12802F41-75E1-4055-8DBC-10B3CCFA8666}.Release|Any CPU.Build.0 = Release|Any CPU
		{FD921C89-CBB4-49B8-988E-F2F169266828}.Debug|Any CPU.ActiveCfg = Debug|Any CPU
		{FD921C89-CBB4-49B8-988E-F2F169266828}.Debug|Any CPU.Build.0 = Debug|Any CPU
		{FD921C89-CBB4-49B8-988E-F2F169266828}.Release|Any CPU.ActiveCfg = Release|Any CPU
		{FD921C89-CBB4-49B8-988E-F2F169266828}.Release|Any CPU.Build.0 = Release|Any CPU
		{84B51036-D1B4-44E8-86AB-640ABF83F217}.Debug|Any CPU.ActiveCfg = Debug|Any CPU
		{84B51036-D1B4-44E8-86AB-640ABF83F217}.Debug|Any CPU.Build.0 = Debug|Any CPU
		{84B51036-D1B4-44E8-86AB-640ABF83F217}.Release|Any CPU.ActiveCfg = Release|Any CPU
		{84B51036-D1B4-44E8-86AB-640ABF83F217}.Release|Any CPU.Build.0 = Release|Any CPU
		{B6616AB2-47CA-458E-9F74-72EC69CFA90A}.Debug|Any CPU.ActiveCfg = Debug|Any CPU
		{B6616AB2-47CA-458E-9F74-72EC69CFA90A}.Debug|Any CPU.Build.0 = Debug|Any CPU
		{B6616AB2-47CA-458E-9F74-72EC69CFA90A}.Release|Any CPU.ActiveCfg = Release|Any CPU
		{B6616AB2-47CA-458E-9F74-72EC69CFA90A}.Release|Any CPU.Build.0 = Release|Any CPU
		{1D47A8F0-05E7-45D9-A78A-358F390D8F9E}.Debug|Any CPU.ActiveCfg = Debug|Any CPU
		{1D47A8F0-05E7-45D9-A78A-358F390D8F9E}.Debug|Any CPU.Build.0 = Debug|Any CPU
		{1D47A8F0-05E7-45D9-A78A-358F390D8F9E}.Release|Any CPU.ActiveCfg = Release|Any CPU
		{1D47A8F0-05E7-45D9-A78A-358F390D8F9E}.Release|Any CPU.Build.0 = Release|Any CPU
		{92DE7B8E-1475-44E6-AEC6-980431370D7A}.Debug|Any CPU.ActiveCfg = Debug|Any CPU
		{92DE7B8E-1475-44E6-AEC6-980431370D7A}.Debug|Any CPU.Build.0 = Debug|Any CPU
		{92DE7B8E-1475-44E6-AEC6-980431370D7A}.Release|Any CPU.ActiveCfg = Release|Any CPU
		{92DE7B8E-1475-44E6-AEC6-980431370D7A}.Release|Any CPU.Build.0 = Release|Any CPU
		{43C0C6F2-9D79-4505-BFD9-38B3C5EA6502}.Debug|Any CPU.ActiveCfg = Debug|Any CPU
		{43C0C6F2-9D79-4505-BFD9-38B3C5EA6502}.Debug|Any CPU.Build.0 = Debug|Any CPU
		{43C0C6F2-9D79-4505-BFD9-38B3C5EA6502}.Release|Any CPU.ActiveCfg = Release|Any CPU
		{43C0C6F2-9D79-4505-BFD9-38B3C5EA6502}.Release|Any CPU.Build.0 = Release|Any CPU
		{F7EAC977-222D-4B4E-B651-3A5E93EBC5A3}.Debug|Any CPU.ActiveCfg = Debug|Any CPU
		{F7EAC977-222D-4B4E-B651-3A5E93EBC5A3}.Debug|Any CPU.Build.0 = Debug|Any CPU
		{F7EAC977-222D-4B4E-B651-3A5E93EBC5A3}.Release|Any CPU.ActiveCfg = Release|Any CPU
		{F7EAC977-222D-4B4E-B651-3A5E93EBC5A3}.Release|Any CPU.Build.0 = Release|Any CPU
	EndGlobalSection
	GlobalSection(SolutionProperties) = preSolution
		HideSolutionNode = FALSE
	EndGlobalSection
EndGlobal
