
Microsoft Visual Studio Solution File, Format Version 12.00
# Visual Studio 15
VisualStudioVersion = 15.0.26430.13
MinimumVisualStudioVersion = 10.0.40219.1
Project("{FAE04EC0-301F-11D3-BF4B-00C04F79EFBC}") = "Fill Matrix", "28.06.2017\Fill Matrix.csproj", "{2244FE55-39A4-4AD0-9B00-2F71AA6F82E0}"
EndProject
Project("{FAE04EC0-301F-11D3-BF4B-00C04F79EFBC}") = "Maximum Sum", "Maximum Sum\Maximum Sum.csproj", "{95639A54-AE9C-48FC-9237-736127AD852E}"
EndProject
Project("{FAE04EC0-301F-11D3-BF4B-00C04F79EFBC}") = "Sequence in a Matrix", "Sequence in a Matrix\Sequence in a Matrix.csproj", "{030FFADF-BE36-4223-AB8D-05CFF1F03F68}"
EndProject
Global
	GlobalSection(SolutionConfigurationPlatforms) = preSolution
		Debug|Any CPU = Debug|Any CPU
		Release|Any CPU = Release|Any CPU
	EndGlobalSection
	GlobalSection(ProjectConfigurationPlatforms) = postSolution
		{2244FE55-39A4-4AD0-9B00-2F71AA6F82E0}.Debug|Any CPU.ActiveCfg = Debug|Any CPU
		{2244FE55-39A4-4AD0-9B00-2F71AA6F82E0}.Debug|Any CPU.Build.0 = Debug|Any CPU
		{2244FE55-39A4-4AD0-9B00-2F71AA6F82E0}.Release|Any CPU.ActiveCfg = Release|Any CPU
		{2244FE55-39A4-4AD0-9B00-2F71AA6F82E0}.Release|Any CPU.Build.0 = Release|Any CPU
		{95639A54-AE9C-48FC-9237-736127AD852E}.Debug|Any CPU.ActiveCfg = Debug|Any CPU
		{95639A54-AE9C-48FC-9237-736127AD852E}.Debug|Any CPU.Build.0 = Debug|Any CPU
		{95639A54-AE9C-48FC-9237-736127AD852E}.Release|Any CPU.ActiveCfg = Release|Any CPU
		{95639A54-AE9C-48FC-9237-736127AD852E}.Release|Any CPU.Build.0 = Release|Any CPU
		{030FFADF-BE36-4223-AB8D-05CFF1F03F68}.Debug|Any CPU.ActiveCfg = Debug|Any CPU
		{030FFADF-BE36-4223-AB8D-05CFF1F03F68}.Debug|Any CPU.Build.0 = Debug|Any CPU
		{030FFADF-BE36-4223-AB8D-05CFF1F03F68}.Release|Any CPU.ActiveCfg = Release|Any CPU
		{030FFADF-BE36-4223-AB8D-05CFF1F03F68}.Release|Any CPU.Build.0 = Release|Any CPU
	EndGlobalSection
	GlobalSection(SolutionProperties) = preSolution
		HideSolutionNode = FALSE
	EndGlobalSection
EndGlobal
